
Microsoft Visual Studio Solution File, Format Version 12.00
# Visual Studio Version 16
VisualStudioVersion = 16.0.29311.281
MinimumVisualStudioVersion = 10.0.40219.1
Project("{9A19103F-16F7-4668-BE54-9A1E7A4F7556}") = "SiloDemo", "SiloDemo\SiloDemo.csproj", "{A686C47A-AA17-444F-8EE2-B196B02825AA}"
EndProject
Project("{9A19103F-16F7-4668-BE54-9A1E7A4F7556}") = "SessionStateDemo", "SessionStateDemo\SessionStateDemo.csproj", "{84238955-EF34-4717-B122-1F81A6C49979}"
EndProject
Project("{9A19103F-16F7-4668-BE54-9A1E7A4F7556}") = "McGuireV10.OrleansDistributedCache", "McGuireV10.OrleansDistributedCache\McGuireV10.OrleansDistributedCache.csproj", "{C0EC1F07-785A-44ED-85EC-E2788FCD373F}"
EndProject
Global
	GlobalSection(SolutionConfigurationPlatforms) = preSolution
		Debug|Any CPU = Debug|Any CPU
		Release|Any CPU = Release|Any CPU
	EndGlobalSection
	GlobalSection(ProjectConfigurationPlatforms) = postSolution
		{A686C47A-AA17-444F-8EE2-B196B02825AA}.Debug|Any CPU.ActiveCfg = Debug|Any CPU
		{A686C47A-AA17-444F-8EE2-B196B02825AA}.Debug|Any CPU.Build.0 = Debug|Any CPU
		{A686C47A-AA17-444F-8EE2-B196B02825AA}.Release|Any CPU.ActiveCfg = Release|Any CPU
		{A686C47A-AA17-444F-8EE2-B196B02825AA}.Release|Any CPU.Build.0 = Release|Any CPU
		{84238955-EF34-4717-B122-1F81A6C49979}.Debug|Any CPU.ActiveCfg = Debug|Any CPU
		{84238955-EF34-4717-B122-1F81A6C49979}.Debug|Any CPU.Build.0 = Debug|Any CPU
		{84238955-EF34-4717-B122-1F81A6C49979}.Release|Any CPU.ActiveCfg = Release|Any CPU
		{84238955-EF34-4717-B122-1F81A6C49979}.Release|Any CPU.Build.0 = Release|Any CPU
		{C0EC1F07-785A-44ED-85EC-E2788FCD373F}.Debug|Any CPU.ActiveCfg = Debug|Any CPU
		{C0EC1F07-785A-44ED-85EC-E2788FCD373F}.Debug|Any CPU.Build.0 = Debug|Any CPU
		{C0EC1F07-785A-44ED-85EC-E2788FCD373F}.Release|Any CPU.ActiveCfg = Release|Any CPU
		{C0EC1F07-785A-44ED-85EC-E2788FCD373F}.Release|Any CPU.Build.0 = Release|Any CPU
	EndGlobalSection
	GlobalSection(SolutionProperties) = preSolution
		HideSolutionNode = FALSE
	EndGlobalSection
	GlobalSection(ExtensibilityGlobals) = postSolution
		SolutionGuid = {13D5F83F-48D2-420A-82FE-82DDBBC1E8C3}
	EndGlobalSection
EndGlobal
